
Microsoft Visual Studio Solution File, Format Version 12.00
# Visual Studio Version 17
VisualStudioVersion = 17.0.31903.59
MinimumVisualStudioVersion = 10.0.40219.1
Project("{2150E333-8FDC-42A3-9474-1A3956D46DE8}") = "src", "src", "{827E0CD3-B72D-47B6-A68D-7590B98EB39B}"
EndProject
Project("{2150E333-8FDC-42A3-9474-1A3956D46DE8}") = "Shared", "Shared", "{C8E42992-5E42-0C2B-DBFE-AA848D06431C}"
EndProject
Project("{FAE04EC0-301F-11D3-BF4B-00C04F79EFBC}") = "SparkFlow.Shared.Core", "src\Shared\SparkFlow.Shared.Core\SparkFlow.Shared.Core.csproj", "{C82D4859-0C8B-4D28-9D64-E075501252BB}"
EndProject
Project("{FAE04EC0-301F-11D3-BF4B-00C04F79EFBC}") = "SparkFlow.Shared.Logging", "src\Shared\SparkFlow.Shared.Logging\SparkFlow.Shared.Logging.csproj", "{820EBD80-6ED4-4900-9C58-8DAD25D3BF4D}"
EndProject
Project("{FAE04EC0-301F-11D3-BF4B-00C04F79EFBC}") = "SparkFlow.Shared.Configuration", "src\Shared\SparkFlow.Shared.Configuration\SparkFlow.Shared.Configuration.csproj", "{8F8FAC20-9377-4D2A-B399-33FD24445F3C}"
EndProject
Project("{2150E333-8FDC-42A3-9474-1A3956D46DE8}") = "libraries", "libraries", "{F2E35B3E-9711-EDEC-6202-DB40BDEED14A}"
EndProject
Project("{FAE04EC0-301F-11D3-BF4B-00C04F79EFBC}") = "AdbLib", "libraries\AdbLib\AdbLib.csproj", "{54EDAF51-84E1-43F8-99BC-DECB3C4A3229}"
EndProject
Project("{FAE04EC0-301F-11D3-BF4B-00C04F79EFBC}") = "DeviceBindingLib", "libraries\DeviceBindingLib\DeviceBindingLib.csproj", "{B905DE29-B93A-43B3-BA39-D9C9AEAD6EC0}"
EndProject
Project("{FAE04EC0-301F-11D3-BF4B-00C04F79EFBC}") = "EmulatorLib", "libraries\EmulatorLib\EmulatorLib.csproj", "{CF272A05-9356-4DA0-973C-5225433D65A8}"
EndProject
Project("{FAE04EC0-301F-11D3-BF4B-00C04F79EFBC}") = "GameContracts", "libraries\GameContracts\GameContracts.csproj", "{039C8BFB-F3D1-4487-B798-AA779FF540C4}"
EndProject
Project("{FAE04EC0-301F-11D3-BF4B-00C04F79EFBC}") = "LicenseLib", "libraries\LicenseLib\LicenseLib.csproj", "{3127F652-AC83-4BAC-9A36-EEDBAAB873FD}"
EndProject
Project("{FAE04EC0-301F-11D3-BF4B-00C04F79EFBC}") = "SettingsStore", "libraries\SettingsStore\SettingsStore.csproj", "{C4E6A616-F6DD-4D28-A2D5-678190650E35}"
EndProject
Project("{FAE04EC0-301F-11D3-BF4B-00C04F79EFBC}") = "UtiliLib", "libraries\UtiliLib\UtiliLib.csproj", "{144EF5C2-3622-4D94-AF2B-FAAFA84FC62B}"
EndProject
Project("{2150E333-8FDC-42A3-9474-1A3956D46DE8}") = "Agent", "Agent", "{096B6098-F141-7114-B090-72D1899D8853}"
EndProject
Project("{FAE04EC0-301F-11D3-BF4B-00C04F79EFBC}") = "SparkFlow.Agent.Service", "src\Agent\SparkFlow.Agent.Service\SparkFlow.Agent.Service.csproj", "{72E9E5BE-6A50-4F8B-861C-35FF1D6AA8E1}"
EndProject
Project("{FAE04EC0-301F-11D3-BF4B-00C04F79EFBC}") = "SparkFlow.Agent.Host", "src\Agent\SparkFlow.Agent.Host\SparkFlow.Agent.Host.csproj", "{6A8BFC84-B8CC-4D88-82AF-A550872CF3E7}"
EndProject
Project("{FAE04EC0-301F-11D3-BF4B-00C04F79EFBC}") = "SparkFlow.Agent.Runtime", "src\Agent\SparkFlow.Agent.Runtime\SparkFlow.Agent.Runtime.csproj", "{6FECA2CB-9CCF-4976-B548-A31FBEC53E07}"
EndProject
Project("{FAE04EC0-301F-11D3-BF4B-00C04F79EFBC}") = "SparkFlow.Agent.Infrastructure", "src\Agent\SparkFlow.Agent.Infrastructure\SparkFlow.Agent.Infrastructure.csproj", "{E6BD1389-3D70-438B-AC9C-2750AEAF4200}"
EndProject
Project("{FAE04EC0-301F-11D3-BF4B-00C04F79EFBC}") = "SparkFlow.Agent.ServerClient", "src\Agent\SparkFlow.Agent.ServerClient\SparkFlow.Agent.ServerClient.csproj", "{CA97CE6D-40A9-4025-A321-F74D91C0B880}"
EndProject
Project("{FAE04EC0-301F-11D3-BF4B-00C04F79EFBC}") = "SparkFlow.Agent.Contracts", "src\Agent\SparkFlow.Agent.Contracts\SparkFlow.Agent.Contracts.csproj", "{8D6D6B7F-4341-4CA4-AAD8-0CB958CC952D}"
EndProject
Project("{2150E333-8FDC-42A3-9474-1A3956D46DE8}") = "Server", "Server", "{E6B48023-E680-40DA-9E17-319585C26937}"
EndProject
Project("{FAE04EC0-301F-11D3-BF4B-00C04F79EFBC}") = "SparkFlow.Server.Api", "src\Server\SparkFlow.Server.Api\SparkFlow.Server.Api.csproj", "{AB5BD158-B975-402A-BCCD-EC2406844332}"
EndProject
Project("{FAE04EC0-301F-11D3-BF4B-00C04F79EFBC}") = "SparkFlow.Server.Application", "src\Server\SparkFlow.Server.Application\SparkFlow.Server.Application.csproj", "{F50032BD-9162-4A3A-A3A9-B5BE64BB8E4E}"
EndProject
Project("{FAE04EC0-301F-11D3-BF4B-00C04F79EFBC}") = "SparkFlow.Server.Domain", "src\Server\SparkFlow.Server.Domain\SparkFlow.Server.Domain.csproj", "{AC7A47B2-8B73-42A5-B6D0-88B923923835}"
EndProject
Project("{FAE04EC0-301F-11D3-BF4B-00C04F79EFBC}") = "SparkFlow.Server.Infrastructure", "src\Server\SparkFlow.Server.Infrastructure\SparkFlow.Server.Infrastructure.csproj", "{96C12E05-AEA0-4BC7-A743-2F03EEC756D4}"
EndProject
Project("{FAE04EC0-301F-11D3-BF4B-00C04F79EFBC}") = "SparkFlow.Server.Contracts", "src\Server\SparkFlow.Server.Contracts\SparkFlow.Server.Contracts.csproj", "{A2DAE460-9796-4E9D-A957-67C84E66B760}"
EndProject
Project("{2150E333-8FDC-42A3-9474-1A3956D46DE8}") = "Worker", "Worker", "{89BA21D6-604E-9DA1-5F6C-9062FD58212E}"
EndProject
Project("{FAE04EC0-301F-11D3-BF4B-00C04F79EFBC}") = "SparkFlow.Worker.App", "src\Worker\SparkFlow.Worker.App\SparkFlow.Worker.App.csproj", "{A78EE729-12F3-4C12-9A58-E17668682628}"
EndProject
Project("{FAE04EC0-301F-11D3-BF4B-00C04F79EFBC}") = "SparkFlow.Worker.ViewModels", "src\Worker\SparkFlow.Worker.ViewModels\SparkFlow.Worker.ViewModels.csproj", "{BD899798-9044-436D-8A85-39B525602588}"
EndProject
Project("{FAE04EC0-301F-11D3-BF4B-00C04F79EFBC}") = "SparkFlow.Worker.Views", "src\Worker\SparkFlow.Worker.Views\SparkFlow.Worker.Views.csproj", "{B9C88443-01A7-4BC9-8827-E84F39D7AC0A}"
EndProject
Project("{FAE04EC0-301F-11D3-BF4B-00C04F79EFBC}") = "SparkFlow.Worker.LocalClient", "src\Worker\SparkFlow.Worker.LocalClient\SparkFlow.Worker.LocalClient.csproj", "{8460DFA8-762F-484F-8664-9F0600E5A198}"
EndProject
Project("{FAE04EC0-301F-11D3-BF4B-00C04F79EFBC}") = "SparkFlow.Worker.Contracts", "src\Worker\SparkFlow.Worker.Contracts\SparkFlow.Worker.Contracts.csproj", "{3EC3C3D6-B564-4E77-8DA0-2EBBA2C97EDA}"
EndProject
Project("{2150E333-8FDC-42A3-9474-1A3956D46DE8}") = "Admin", "Admin", "{9787BF88-EEEB-1624-8357-14EC64727FE2}"
EndProject
Project("{FAE04EC0-301F-11D3-BF4B-00C04F79EFBC}") = "SparkFlow.Admin.App", "src\Admin\SparkFlow.Admin.App\SparkFlow.Admin.App.csproj", "{E806D4AB-A524-409B-AC57-25271C50FCD6}"
EndProject
Project("{FAE04EC0-301F-11D3-BF4B-00C04F79EFBC}") = "SparkFlow.Admin.ViewModels", "src\Admin\SparkFlow.Admin.ViewModels\SparkFlow.Admin.ViewModels.csproj", "{9366C607-3527-426C-97BC-91D386810C1A}"
EndProject
Project("{FAE04EC0-301F-11D3-BF4B-00C04F79EFBC}") = "SparkFlow.Admin.Views", "src\Admin\SparkFlow.Admin.Views\SparkFlow.Admin.Views.csproj", "{B91E0364-FE19-4FBD-9600-E65F85334FBB}"
EndProject
Project("{FAE04EC0-301F-11D3-BF4B-00C04F79EFBC}") = "SparkFlow.Admin.ServerClient", "src\Admin\SparkFlow.Admin.ServerClient\SparkFlow.Admin.ServerClient.csproj", "{184900C8-93CD-44B6-9003-D10DBB5B43B8}"
EndProject
Project("{FAE04EC0-301F-11D3-BF4B-00C04F79EFBC}") = "SparkFlow.Admin.Contracts", "src\Admin\SparkFlow.Admin.Contracts\SparkFlow.Admin.Contracts.csproj", "{911CB867-768B-4A61-A749-0F2E1F48D79D}"
EndProject
Project("{2150E333-8FDC-42A3-9474-1A3956D46DE8}") = "installer", "installer", "{1860D2E4-5C43-71D5-59A5-599A4DE1DF67}"
EndProject
Project("{FAE04EC0-301F-11D3-BF4B-00C04F79EFBC}") = "SparkFlow.Bootstrapper", "installer\SparkFlow.Bootstrapper\SparkFlow.Bootstrapper.csproj", "{56EE3E2C-E834-4340-BB7E-4623C8169E2F}"
EndProject
Project("{FAE04EC0-301F-11D3-BF4B-00C04F79EFBC}") = "SparkFlow.EnvironmentSetup", "installer\SparkFlow.EnvironmentSetup\SparkFlow.EnvironmentSetup.csproj", "{E4FADC7B-0DC7-444C-9BA7-2399B7698887}"
EndProject
Project("{FAE04EC0-301F-11D3-BF4B-00C04F79EFBC}") = "SparkFlow.Agent.Setup", "installer\SparkFlow.Agent.Setup\SparkFlow.Agent.Setup.csproj", "{39C12797-5AED-40F5-A56B-8F564660B212}"
EndProject
Project("{FAE04EC0-301F-11D3-BF4B-00C04F79EFBC}") = "SparkFlow.Worker.Setup", "installer\SparkFlow.Worker.Setup\SparkFlow.Worker.Setup.csproj", "{F20D1F86-C11B-4C19-937A-6EA323CEEE76}"
EndProject
Project("{FAE04EC0-301F-11D3-BF4B-00C04F79EFBC}") = "SparkFlow.Admin.Setup", "installer\SparkFlow.Admin.Setup\SparkFlow.Admin.Setup.csproj", "{363041E3-873A-4C1F-BFE9-6A3D8FC3F430}"
EndProject
Project("{2150E333-8FDC-42A3-9474-1A3956D46DE8}") = "tests", "tests", "{0AB3BF05-4346-4AA6-1389-037BE0695223}"
EndProject
Project("{FAE04EC0-301F-11D3-BF4B-00C04F79EFBC}") = "SparkFlow.Server.Tests", "tests\SparkFlow.Server.Tests\SparkFlow.Server.Tests.csproj", "{BE5B5315-BC81-4816-A69F-EC95366720E7}"
EndProject
Project("{FAE04EC0-301F-11D3-BF4B-00C04F79EFBC}") = "SparkFlow.Agent.Tests", "tests\SparkFlow.Agent.Tests\SparkFlow.Agent.Tests.csproj", "{DFB49AAE-7115-4920-96AF-5E87FFAF1650}"
EndProject
Project("{FAE04EC0-301F-11D3-BF4B-00C04F79EFBC}") = "SparkFlow.Worker.Tests", "tests\SparkFlow.Worker.Tests\SparkFlow.Worker.Tests.csproj", "{9B3130FF-3FEB-4928-88F3-AC6356DD9BD2}"
EndProject
Project("{FAE04EC0-301F-11D3-BF4B-00C04F79EFBC}") = "SparkFlow.Admin.Tests", "tests\SparkFlow.Admin.Tests\SparkFlow.Admin.Tests.csproj", "{7FBCE683-2799-461E-9CDF-E21990763C16}"
EndProject
Project("{FAE04EC0-301F-11D3-BF4B-00C04F79EFBC}") = "SparkFlow.Installer.Tests", "tests\SparkFlow.Installer.Tests\SparkFlow.Installer.Tests.csproj", "{A8294B49-E1A5-4F6A-B80D-665C0500EF12}"
EndProject
Project("{FAE04EC0-301F-11D3-BF4B-00C04F79EFBC}") = "WarAndOrder", "libraries\GameModules\WarAndOrder\WarAndOrder.csproj", "{B5EBBCF8-5E48-4F13-9555-E8EBDBEC289D}"
EndProject
Global
	GlobalSection(SolutionConfigurationPlatforms) = preSolution
		Debug|Any CPU = Debug|Any CPU
		Debug|x64 = Debug|x64
		Debug|x86 = Debug|x86
		Release|Any CPU = Release|Any CPU
		Release|x64 = Release|x64
		Release|x86 = Release|x86
	EndGlobalSection
	GlobalSection(ProjectConfigurationPlatforms) = postSolution
		{C82D4859-0C8B-4D28-9D64-E075501252BB}.Debug|Any CPU.ActiveCfg = Debug|Any CPU
		{C82D4859-0C8B-4D28-9D64-E075501252BB}.Debug|Any CPU.Build.0 = Debug|Any CPU
		{C82D4859-0C8B-4D28-9D64-E075501252BB}.Debug|x64.ActiveCfg = Debug|Any CPU
		{C82D4859-0C8B-4D28-9D64-E075501252BB}.Debug|x64.Build.0 = Debug|Any CPU
		{C82D4859-0C8B-4D28-9D64-E075501252BB}.Debug|x86.ActiveCfg = Debug|Any CPU
		{C82D4859-0C8B-4D28-9D64-E075501252BB}.Debug|x86.Build.0 = Debug|Any CPU
		{C82D4859-0C8B-4D28-9D64-E075501252BB}.Release|Any CPU.ActiveCfg = Release|Any CPU
		{C82D4859-0C8B-4D28-9D64-E075501252BB}.Release|Any CPU.Build.0 = Release|Any CPU
		{C82D4859-0C8B-4D28-9D64-E075501252BB}.Release|x64.ActiveCfg = Release|Any CPU
		{C82D4859-0C8B-4D28-9D64-E075501252BB}.Release|x64.Build.0 = Release|Any CPU
		{C82D4859-0C8B-4D28-9D64-E075501252BB}.Release|x86.ActiveCfg = Release|Any CPU
		{C82D4859-0C8B-4D28-9D64-E075501252BB}.Release|x86.Build.0 = Release|Any CPU
		{820EBD80-6ED4-4900-9C58-8DAD25D3BF4D}.Debug|Any CPU.ActiveCfg = Debug|Any CPU
		{820EBD80-6ED4-4900-9C58-8DAD25D3BF4D}.Debug|Any CPU.Build.0 = Debug|Any CPU
		{820EBD80-6ED4-4900-9C58-8DAD25D3BF4D}.Debug|x64.ActiveCfg = Debug|Any CPU
		{820EBD80-6ED4-4900-9C58-8DAD25D3BF4D}.Debug|x64.Build.0 = Debug|Any CPU
		{820EBD80-6ED4-4900-9C58-8DAD25D3BF4D}.Debug|x86.ActiveCfg = Debug|Any CPU
		{820EBD80-6ED4-4900-9C58-8DAD25D3BF4D}.Debug|x86.Build.0 = Debug|Any CPU
		{820EBD80-6ED4-4900-9C58-8DAD25D3BF4D}.Release|Any CPU.ActiveCfg = Release|Any CPU
		{820EBD80-6ED4-4900-9C58-8DAD25D3BF4D}.Release|Any CPU.Build.0 = Release|Any CPU
		{820EBD80-6ED4-4900-9C58-8DAD25D3BF4D}.Release|x64.ActiveCfg = Release|Any CPU
		{820EBD80-6ED4-4900-9C58-8DAD25D3BF4D}.Release|x64.Build.0 = Release|Any CPU
		{820EBD80-6ED4-4900-9C58-8DAD25D3BF4D}.Release|x86.ActiveCfg = Release|Any CPU
		{820EBD80-6ED4-4900-9C58-8DAD25D3BF4D}.Release|x86.Build.0 = Release|Any CPU
		{8F8FAC20-9377-4D2A-B399-33FD24445F3C}.Debug|Any CPU.ActiveCfg = Debug|Any CPU
		{8F8FAC20-9377-4D2A-B399-33FD24445F3C}.Debug|Any CPU.Build.0 = Debug|Any CPU
		{8F8FAC20-9377-4D2A-B399-33FD24445F3C}.Debug|x64.ActiveCfg = Debug|Any CPU
		{8F8FAC20-9377-4D2A-B399-33FD24445F3C}.Debug|x64.Build.0 = Debug|Any CPU
		{8F8FAC20-9377-4D2A-B399-33FD24445F3C}.Debug|x86.ActiveCfg = Debug|Any CPU
		{8F8FAC20-9377-4D2A-B399-33FD24445F3C}.Debug|x86.Build.0 = Debug|Any CPU
		{8F8FAC20-9377-4D2A-B399-33FD24445F3C}.Release|Any CPU.ActiveCfg = Release|Any CPU
		{8F8FAC20-9377-4D2A-B399-33FD24445F3C}.Release|Any CPU.Build.0 = Release|Any CPU
		{8F8FAC20-9377-4D2A-B399-33FD24445F3C}.Release|x64.ActiveCfg = Release|Any CPU
		{8F8FAC20-9377-4D2A-B399-33FD24445F3C}.Release|x64.Build.0 = Release|Any CPU
		{8F8FAC20-9377-4D2A-B399-33FD24445F3C}.Release|x86.ActiveCfg = Release|Any CPU
		{8F8FAC20-9377-4D2A-B399-33FD24445F3C}.Release|x86.Build.0 = Release|Any CPU
		{54EDAF51-84E1-43F8-99BC-DECB3C4A3229}.Debug|Any CPU.ActiveCfg = Debug|Any CPU
		{54EDAF51-84E1-43F8-99BC-DECB3C4A3229}.Debug|Any CPU.Build.0 = Debug|Any CPU
		{54EDAF51-84E1-43F8-99BC-DECB3C4A3229}.Debug|x64.ActiveCfg = Debug|Any CPU
		{54EDAF51-84E1-43F8-99BC-DECB3C4A3229}.Debug|x64.Build.0 = Debug|Any CPU
		{54EDAF51-84E1-43F8-99BC-DECB3C4A3229}.Debug|x86.ActiveCfg = Debug|Any CPU
		{54EDAF51-84E1-43F8-99BC-DECB3C4A3229}.Debug|x86.Build.0 = Debug|Any CPU
		{54EDAF51-84E1-43F8-99BC-DECB3C4A3229}.Release|Any CPU.ActiveCfg = Release|Any CPU
		{54EDAF51-84E1-43F8-99BC-DECB3C4A3229}.Release|Any CPU.Build.0 = Release|Any CPU
		{54EDAF51-84E1-43F8-99BC-DECB3C4A3229}.Release|x64.ActiveCfg = Release|Any CPU
		{54EDAF51-84E1-43F8-99BC-DECB3C4A3229}.Release|x64.Build.0 = Release|Any CPU
		{54EDAF51-84E1-43F8-99BC-DECB3C4A3229}.Release|x86.ActiveCfg = Release|Any CPU
		{54EDAF51-84E1-43F8-99BC-DECB3C4A3229}.Release|x86.Build.0 = Release|Any CPU
		{B905DE29-B93A-43B3-BA39-D9C9AEAD6EC0}.Debug|Any CPU.ActiveCfg = Debug|Any CPU
		{B905DE29-B93A-43B3-BA39-D9C9AEAD6EC0}.Debug|Any CPU.Build.0 = Debug|Any CPU
		{B905DE29-B93A-43B3-BA39-D9C9AEAD6EC0}.Debug|x64.ActiveCfg = Debug|Any CPU
		{B905DE29-B93A-43B3-BA39-D9C9AEAD6EC0}.Debug|x64.Build.0 = Debug|Any CPU
		{B905DE29-B93A-43B3-BA39-D9C9AEAD6EC0}.Debug|x86.ActiveCfg = Debug|Any CPU
		{B905DE29-B93A-43B3-BA39-D9C9AEAD6EC0}.Debug|x86.Build.0 = Debug|Any CPU
		{B905DE29-B93A-43B3-BA39-D9C9AEAD6EC0}.Release|Any CPU.ActiveCfg = Release|Any CPU
		{B905DE29-B93A-43B3-BA39-D9C9AEAD6EC0}.Release|Any CPU.Build.0 = Release|Any CPU
		{B905DE29-B93A-43B3-BA39-D9C9AEAD6EC0}.Release|x64.ActiveCfg = Release|Any CPU
		{B905DE29-B93A-43B3-BA39-D9C9AEAD6EC0}.Release|x64.Build.0 = Release|Any CPU
		{B905DE29-B93A-43B3-BA39-D9C9AEAD6EC0}.Release|x86.ActiveCfg = Release|Any CPU
		{B905DE29-B93A-43B3-BA39-D9C9AEAD6EC0}.Release|x86.Build.0 = Release|Any CPU
		{CF272A05-9356-4DA0-973C-5225433D65A8}.Debug|Any CPU.ActiveCfg = Debug|Any CPU
		{CF272A05-9356-4DA0-973C-5225433D65A8}.Debug|Any CPU.Build.0 = Debug|Any CPU
		{CF272A05-9356-4DA0-973C-5225433D65A8}.Debug|x64.ActiveCfg = Debug|Any CPU
		{CF272A05-9356-4DA0-973C-5225433D65A8}.Debug|x64.Build.0 = Debug|Any CPU
		{CF272A05-9356-4DA0-973C-5225433D65A8}.Debug|x86.ActiveCfg = Debug|Any CPU
		{CF272A05-9356-4DA0-973C-5225433D65A8}.Debug|x86.Build.0 = Debug|Any CPU
		{CF272A05-9356-4DA0-973C-5225433D65A8}.Release|Any CPU.ActiveCfg = Release|Any CPU
		{CF272A05-9356-4DA0-973C-5225433D65A8}.Release|Any CPU.Build.0 = Release|Any CPU
		{CF272A05-9356-4DA0-973C-5225433D65A8}.Release|x64.ActiveCfg = Release|Any CPU
		{CF272A05-9356-4DA0-973C-5225433D65A8}.Release|x64.Build.0 = Release|Any CPU
		{CF272A05-9356-4DA0-973C-5225433D65A8}.Release|x86.ActiveCfg = Release|Any CPU
		{CF272A05-9356-4DA0-973C-5225433D65A8}.Release|x86.Build.0 = Release|Any CPU
		{039C8BFB-F3D1-4487-B798-AA779FF540C4}.Debug|Any CPU.ActiveCfg = Debug|Any CPU
		{039C8BFB-F3D1-4487-B798-AA779FF540C4}.Debug|Any CPU.Build.0 = Debug|Any CPU
		{039C8BFB-F3D1-4487-B798-AA779FF540C4}.Debug|x64.ActiveCfg = Debug|Any CPU
		{039C8BFB-F3D1-4487-B798-AA779FF540C4}.Debug|x64.Build.0 = Debug|Any CPU
		{039C8BFB-F3D1-4487-B798-AA779FF540C4}.Debug|x86.ActiveCfg = Debug|Any CPU
		{039C8BFB-F3D1-4487-B798-AA779FF540C4}.Debug|x86.Build.0 = Debug|Any CPU
		{039C8BFB-F3D1-4487-B798-AA779FF540C4}.Release|Any CPU.ActiveCfg = Release|Any CPU
		{039C8BFB-F3D1-4487-B798-AA779FF540C4}.Release|Any CPU.Build.0 = Release|Any CPU
		{039C8BFB-F3D1-4487-B798-AA779FF540C4}.Release|x64.ActiveCfg = Release|Any CPU
		{039C8BFB-F3D1-4487-B798-AA779FF540C4}.Release|x64.Build.0 = Release|Any CPU
		{039C8BFB-F3D1-4487-B798-AA779FF540C4}.Release|x86.ActiveCfg = Release|Any CPU
		{039C8BFB-F3D1-4487-B798-AA779FF540C4}.Release|x86.Build.0 = Release|Any CPU
		{3127F652-AC83-4BAC-9A36-EEDBAAB873FD}.Debug|Any CPU.ActiveCfg = Debug|Any CPU
		{3127F652-AC83-4BAC-9A36-EEDBAAB873FD}.Debug|Any CPU.Build.0 = Debug|Any CPU
		{3127F652-AC83-4BAC-9A36-EEDBAAB873FD}.Debug|x64.ActiveCfg = Debug|Any CPU
		{3127F652-AC83-4BAC-9A36-EEDBAAB873FD}.Debug|x64.Build.0 = Debug|Any CPU
		{3127F652-AC83-4BAC-9A36-EEDBAAB873FD}.Debug|x86.ActiveCfg = Debug|Any CPU
		{3127F652-AC83-4BAC-9A36-EEDBAAB873FD}.Debug|x86.Build.0 = Debug|Any CPU
		{3127F652-AC83-4BAC-9A36-EEDBAAB873FD}.Release|Any CPU.ActiveCfg = Release|Any CPU
		{3127F652-AC83-4BAC-9A36-EEDBAAB873FD}.Release|Any CPU.Build.0 = Release|Any CPU
		{3127F652-AC83-4BAC-9A36-EEDBAAB873FD}.Release|x64.ActiveCfg = Release|Any CPU
		{3127F652-AC83-4BAC-9A36-EEDBAAB873FD}.Release|x64.Build.0 = Release|Any CPU
		{3127F652-AC83-4BAC-9A36-EEDBAAB873FD}.Release|x86.ActiveCfg = Release|Any CPU
		{3127F652-AC83-4BAC-9A36-EEDBAAB873FD}.Release|x86.Build.0 = Release|Any CPU
		{C4E6A616-F6DD-4D28-A2D5-678190650E35}.Debug|Any CPU.ActiveCfg = Debug|Any CPU
		{C4E6A616-F6DD-4D28-A2D5-678190650E35}.Debug|Any CPU.Build.0 = Debug|Any CPU
		{C4E6A616-F6DD-4D28-A2D5-678190650E35}.Debug|x64.ActiveCfg = Debug|Any CPU
		{C4E6A616-F6DD-4D28-A2D5-678190650E35}.Debug|x64.Build.0 = Debug|Any CPU
		{C4E6A616-F6DD-4D28-A2D5-678190650E35}.Debug|x86.ActiveCfg = Debug|Any CPU
		{C4E6A616-F6DD-4D28-A2D5-678190650E35}.Debug|x86.Build.0 = Debug|Any CPU
		{C4E6A616-F6DD-4D28-A2D5-678190650E35}.Release|Any CPU.ActiveCfg = Release|Any CPU
		{C4E6A616-F6DD-4D28-A2D5-678190650E35}.Release|Any CPU.Build.0 = Release|Any CPU
		{C4E6A616-F6DD-4D28-A2D5-678190650E35}.Release|x64.ActiveCfg = Release|Any CPU
		{C4E6A616-F6DD-4D28-A2D5-678190650E35}.Release|x64.Build.0 = Release|Any CPU
		{C4E6A616-F6DD-4D28-A2D5-678190650E35}.Release|x86.ActiveCfg = Release|Any CPU
		{C4E6A616-F6DD-4D28-A2D5-678190650E35}.Release|x86.Build.0 = Release|Any CPU
		{144EF5C2-3622-4D94-AF2B-FAAFA84FC62B}.Debug|Any CPU.ActiveCfg = Debug|Any CPU
		{144EF5C2-3622-4D94-AF2B-FAAFA84FC62B}.Debug|Any CPU.Build.0 = Debug|Any CPU
		{144EF5C2-3622-4D94-AF2B-FAAFA84FC62B}.Debug|x64.ActiveCfg = Debug|Any CPU
		{144EF5C2-3622-4D94-AF2B-FAAFA84FC62B}.Debug|x64.Build.0 = Debug|Any CPU
		{144EF5C2-3622-4D94-AF2B-FAAFA84FC62B}.Debug|x86.ActiveCfg = Debug|Any CPU
		{144EF5C2-3622-4D94-AF2B-FAAFA84FC62B}.Debug|x86.Build.0 = Debug|Any CPU
		{144EF5C2-3622-4D94-AF2B-FAAFA84FC62B}.Release|Any CPU.ActiveCfg = Release|Any CPU
		{144EF5C2-3622-4D94-AF2B-FAAFA84FC62B}.Release|Any CPU.Build.0 = Release|Any CPU
		{144EF5C2-3622-4D94-AF2B-FAAFA84FC62B}.Release|x64.ActiveCfg = Release|Any CPU
		{144EF5C2-3622-4D94-AF2B-FAAFA84FC62B}.Release|x64.Build.0 = Release|Any CPU
		{144EF5C2-3622-4D94-AF2B-FAAFA84FC62B}.Release|x86.ActiveCfg = Release|Any CPU
		{144EF5C2-3622-4D94-AF2B-FAAFA84FC62B}.Release|x86.Build.0 = Release|Any CPU
		{72E9E5BE-6A50-4F8B-861C-35FF1D6AA8E1}.Debug|Any CPU.ActiveCfg = Debug|Any CPU
		{72E9E5BE-6A50-4F8B-861C-35FF1D6AA8E1}.Debug|Any CPU.Build.0 = Debug|Any CPU
		{72E9E5BE-6A50-4F8B-861C-35FF1D6AA8E1}.Debug|x64.ActiveCfg = Debug|Any CPU
		{72E9E5BE-6A50-4F8B-861C-35FF1D6AA8E1}.Debug|x64.Build.0 = Debug|Any CPU
		{72E9E5BE-6A50-4F8B-861C-35FF1D6AA8E1}.Debug|x86.ActiveCfg = Debug|Any CPU
		{72E9E5BE-6A50-4F8B-861C-35FF1D6AA8E1}.Debug|x86.Build.0 = Debug|Any CPU
		{72E9E5BE-6A50-4F8B-861C-35FF1D6AA8E1}.Release|Any CPU.ActiveCfg = Release|Any CPU
		{72E9E5BE-6A50-4F8B-861C-35FF1D6AA8E1}.Release|Any CPU.Build.0 = Release|Any CPU
		{72E9E5BE-6A50-4F8B-861C-35FF1D6AA8E1}.Release|x64.ActiveCfg = Release|Any CPU
		{72E9E5BE-6A50-4F8B-861C-35FF1D6AA8E1}.Release|x64.Build.0 = Release|Any CPU
		{72E9E5BE-6A50-4F8B-861C-35FF1D6AA8E1}.Release|x86.ActiveCfg = Release|Any CPU
		{72E9E5BE-6A50-4F8B-861C-35FF1D6AA8E1}.Release|x86.Build.0 = Release|Any CPU
		{6A8BFC84-B8CC-4D88-82AF-A550872CF3E7}.Debug|Any CPU.ActiveCfg = Debug|Any CPU
		{6A8BFC84-B8CC-4D88-82AF-A550872CF3E7}.Debug|Any CPU.Build.0 = Debug|Any CPU
		{6A8BFC84-B8CC-4D88-82AF-A550872CF3E7}.Debug|x64.ActiveCfg = Debug|Any CPU
		{6A8BFC84-B8CC-4D88-82AF-A550872CF3E7}.Debug|x64.Build.0 = Debug|Any CPU
		{6A8BFC84-B8CC-4D88-82AF-A550872CF3E7}.Debug|x86.ActiveCfg = Debug|Any CPU
		{6A8BFC84-B8CC-4D88-82AF-A550872CF3E7}.Debug|x86.Build.0 = Debug|Any CPU
		{6A8BFC84-B8CC-4D88-82AF-A550872CF3E7}.Release|Any CPU.ActiveCfg = Release|Any CPU
		{6A8BFC84-B8CC-4D88-82AF-A550872CF3E7}.Release|Any CPU.Build.0 = Release|Any CPU
		{6A8BFC84-B8CC-4D88-82AF-A550872CF3E7}.Release|x64.ActiveCfg = Release|Any CPU
		{6A8BFC84-B8CC-4D88-82AF-A550872CF3E7}.Release|x64.Build.0 = Release|Any CPU
		{6A8BFC84-B8CC-4D88-82AF-A550872CF3E7}.Release|x86.ActiveCfg = Release|Any CPU
		{6A8BFC84-B8CC-4D88-82AF-A550872CF3E7}.Release|x86.Build.0 = Release|Any CPU
		{6FECA2CB-9CCF-4976-B548-A31FBEC53E07}.Debug|Any CPU.ActiveCfg = Debug|Any CPU
		{6FECA2CB-9CCF-4976-B548-A31FBEC53E07}.Debug|Any CPU.Build.0 = Debug|Any CPU
		{6FECA2CB-9CCF-4976-B548-A31FBEC53E07}.Debug|x64.ActiveCfg = Debug|Any CPU
		{6FECA2CB-9CCF-4976-B548-A31FBEC53E07}.Debug|x64.Build.0 = Debug|Any CPU
		{6FECA2CB-9CCF-4976-B548-A31FBEC53E07}.Debug|x86.ActiveCfg = Debug|Any CPU
		{6FECA2CB-9CCF-4976-B548-A31FBEC53E07}.Debug|x86.Build.0 = Debug|Any CPU
		{6FECA2CB-9CCF-4976-B548-A31FBEC53E07}.Release|Any CPU.ActiveCfg = Release|Any CPU
		{6FECA2CB-9CCF-4976-B548-A31FBEC53E07}.Release|Any CPU.Build.0 = Release|Any CPU
		{6FECA2CB-9CCF-4976-B548-A31FBEC53E07}.Release|x64.ActiveCfg = Release|Any CPU
		{6FECA2CB-9CCF-4976-B548-A31FBEC53E07}.Release|x64.Build.0 = Release|Any CPU
		{6FECA2CB-9CCF-4976-B548-A31FBEC53E07}.Release|x86.ActiveCfg = Release|Any CPU
		{6FECA2CB-9CCF-4976-B548-A31FBEC53E07}.Release|x86.Build.0 = Release|Any CPU
		{E6BD1389-3D70-438B-AC9C-2750AEAF4200}.Debug|Any CPU.ActiveCfg = Debug|Any CPU
		{E6BD1389-3D70-438B-AC9C-2750AEAF4200}.Debug|Any CPU.Build.0 = Debug|Any CPU
		{E6BD1389-3D70-438B-AC9C-2750AEAF4200}.Debug|x64.ActiveCfg = Debug|Any CPU
		{E6BD1389-3D70-438B-AC9C-2750AEAF4200}.Debug|x64.Build.0 = Debug|Any CPU
		{E6BD1389-3D70-438B-AC9C-2750AEAF4200}.Debug|x86.ActiveCfg = Debug|Any CPU
		{E6BD1389-3D70-438B-AC9C-2750AEAF4200}.Debug|x86.Build.0 = Debug|Any CPU
		{E6BD1389-3D70-438B-AC9C-2750AEAF4200}.Release|Any CPU.ActiveCfg = Release|Any CPU
		{E6BD1389-3D70-438B-AC9C-2750AEAF4200}.Release|Any CPU.Build.0 = Release|Any CPU
		{E6BD1389-3D70-438B-AC9C-2750AEAF4200}.Release|x64.ActiveCfg = Release|Any CPU
		{E6BD1389-3D70-438B-AC9C-2750AEAF4200}.Release|x64.Build.0 = Release|Any CPU
		{E6BD1389-3D70-438B-AC9C-2750AEAF4200}.Release|x86.ActiveCfg = Release|Any CPU
		{E6BD1389-3D70-438B-AC9C-2750AEAF4200}.Release|x86.Build.0 = Release|Any CPU
		{CA97CE6D-40A9-4025-A321-F74D91C0B880}.Debug|Any CPU.ActiveCfg = Debug|Any CPU
		{CA97CE6D-40A9-4025-A321-F74D91C0B880}.Debug|Any CPU.Build.0 = Debug|Any CPU
		{CA97CE6D-40A9-4025-A321-F74D91C0B880}.Debug|x64.ActiveCfg = Debug|Any CPU
		{CA97CE6D-40A9-4025-A321-F74D91C0B880}.Debug|x64.Build.0 = Debug|Any CPU
		{CA97CE6D-40A9-4025-A321-F74D91C0B880}.Debug|x86.ActiveCfg = Debug|Any CPU
		{CA97CE6D-40A9-4025-A321-F74D91C0B880}.Debug|x86.Build.0 = Debug|Any CPU
		{CA97CE6D-40A9-4025-A321-F74D91C0B880}.Release|Any CPU.ActiveCfg = Release|Any CPU
		{CA97CE6D-40A9-4025-A321-F74D91C0B880}.Release|Any CPU.Build.0 = Release|Any CPU
		{CA97CE6D-40A9-4025-A321-F74D91C0B880}.Release|x64.ActiveCfg = Release|Any CPU
		{CA97CE6D-40A9-4025-A321-F74D91C0B880}.Release|x64.Build.0 = Release|Any CPU
		{CA97CE6D-40A9-4025-A321-F74D91C0B880}.Release|x86.ActiveCfg = Release|Any CPU
		{CA97CE6D-40A9-4025-A321-F74D91C0B880}.Release|x86.Build.0 = Release|Any CPU
		{8D6D6B7F-4341-4CA4-AAD8-0CB958CC952D}.Debug|Any CPU.ActiveCfg = Debug|Any CPU
		{8D6D6B7F-4341-4CA4-AAD8-0CB958CC952D}.Debug|Any CPU.Build.0 = Debug|Any CPU
		{8D6D6B7F-4341-4CA4-AAD8-0CB958CC952D}.Debug|x64.ActiveCfg = Debug|Any CPU
		{8D6D6B7F-4341-4CA4-AAD8-0CB958CC952D}.Debug|x64.Build.0 = Debug|Any CPU
		{8D6D6B7F-4341-4CA4-AAD8-0CB958CC952D}.Debug|x86.ActiveCfg = Debug|Any CPU
		{8D6D6B7F-4341-4CA4-AAD8-0CB958CC952D}.Debug|x86.Build.0 = Debug|Any CPU
		{8D6D6B7F-4341-4CA4-AAD8-0CB958CC952D}.Release|Any CPU.ActiveCfg = Release|Any CPU
		{8D6D6B7F-4341-4CA4-AAD8-0CB958CC952D}.Release|Any CPU.Build.0 = Release|Any CPU
		{8D6D6B7F-4341-4CA4-AAD8-0CB958CC952D}.Release|x64.ActiveCfg = Release|Any CPU
		{8D6D6B7F-4341-4CA4-AAD8-0CB958CC952D}.Release|x64.Build.0 = Release|Any CPU
		{8D6D6B7F-4341-4CA4-AAD8-0CB958CC952D}.Release|x86.ActiveCfg = Release|Any CPU
		{8D6D6B7F-4341-4CA4-AAD8-0CB958CC952D}.Release|x86.Build.0 = Release|Any CPU
		{AB5BD158-B975-402A-BCCD-EC2406844332}.Debug|Any CPU.ActiveCfg = Debug|Any CPU
		{AB5BD158-B975-402A-BCCD-EC2406844332}.Debug|Any CPU.Build.0 = Debug|Any CPU
		{AB5BD158-B975-402A-BCCD-EC2406844332}.Debug|x64.ActiveCfg = Debug|Any CPU
		{AB5BD158-B975-402A-BCCD-EC2406844332}.Debug|x64.Build.0 = Debug|Any CPU
		{AB5BD158-B975-402A-BCCD-EC2406844332}.Debug|x86.ActiveCfg = Debug|Any CPU
		{AB5BD158-B975-402A-BCCD-EC2406844332}.Debug|x86.Build.0 = Debug|Any CPU
		{AB5BD158-B975-402A-BCCD-EC2406844332}.Release|Any CPU.ActiveCfg = Release|Any CPU
		{AB5BD158-B975-402A-BCCD-EC2406844332}.Release|Any CPU.Build.0 = Release|Any CPU
		{AB5BD158-B975-402A-BCCD-EC2406844332}.Release|x64.ActiveCfg = Release|Any CPU
		{AB5BD158-B975-402A-BCCD-EC2406844332}.Release|x64.Build.0 = Release|Any CPU
		{AB5BD158-B975-402A-BCCD-EC2406844332}.Release|x86.ActiveCfg = Release|Any CPU
		{AB5BD158-B975-402A-BCCD-EC2406844332}.Release|x86.Build.0 = Release|Any CPU
		{F50032BD-9162-4A3A-A3A9-B5BE64BB8E4E}.Debug|Any CPU.ActiveCfg = Debug|Any CPU
		{F50032BD-9162-4A3A-A3A9-B5BE64BB8E4E}.Debug|Any CPU.Build.0 = Debug|Any CPU
		{F50032BD-9162-4A3A-A3A9-B5BE64BB8E4E}.Debug|x64.ActiveCfg = Debug|Any CPU
		{F50032BD-9162-4A3A-A3A9-B5BE64BB8E4E}.Debug|x64.Build.0 = Debug|Any CPU
		{F50032BD-9162-4A3A-A3A9-B5BE64BB8E4E}.Debug|x86.ActiveCfg = Debug|Any CPU
		{F50032BD-9162-4A3A-A3A9-B5BE64BB8E4E}.Debug|x86.Build.0 = Debug|Any CPU
		{F50032BD-9162-4A3A-A3A9-B5BE64BB8E4E}.Release|Any CPU.ActiveCfg = Release|Any CPU
		{F50032BD-9162-4A3A-A3A9-B5BE64BB8E4E}.Release|Any CPU.Build.0 = Release|Any CPU
		{F50032BD-9162-4A3A-A3A9-B5BE64BB8E4E}.Release|x64.ActiveCfg = Release|Any CPU
		{F50032BD-9162-4A3A-A3A9-B5BE64BB8E4E}.Release|x64.Build.0 = Release|Any CPU
		{F50032BD-9162-4A3A-A3A9-B5BE64BB8E4E}.Release|x86.ActiveCfg = Release|Any CPU
		{F50032BD-9162-4A3A-A3A9-B5BE64BB8E4E}.Release|x86.Build.0 = Release|Any CPU
		{AC7A47B2-8B73-42A5-B6D0-88B923923835}.Debug|Any CPU.ActiveCfg = Debug|Any CPU
		{AC7A47B2-8B73-42A5-B6D0-88B923923835}.Debug|Any CPU.Build.0 = Debug|Any CPU
		{AC7A47B2-8B73-42A5-B6D0-88B923923835}.Debug|x64.ActiveCfg = Debug|Any CPU
		{AC7A47B2-8B73-42A5-B6D0-88B923923835}.Debug|x64.Build.0 = Debug|Any CPU
		{AC7A47B2-8B73-42A5-B6D0-88B923923835}.Debug|x86.ActiveCfg = Debug|Any CPU
		{AC7A47B2-8B73-42A5-B6D0-88B923923835}.Debug|x86.Build.0 = Debug|Any CPU
		{AC7A47B2-8B73-42A5-B6D0-88B923923835}.Release|Any CPU.ActiveCfg = Release|Any CPU
		{AC7A47B2-8B73-42A5-B6D0-88B923923835}.Release|Any CPU.Build.0 = Release|Any CPU
		{AC7A47B2-8B73-42A5-B6D0-88B923923835}.Release|x64.ActiveCfg = Release|Any CPU
		{AC7A47B2-8B73-42A5-B6D0-88B923923835}.Release|x64.Build.0 = Release|Any CPU
		{AC7A47B2-8B73-42A5-B6D0-88B923923835}.Release|x86.ActiveCfg = Release|Any CPU
		{AC7A47B2-8B73-42A5-B6D0-88B923923835}.Release|x86.Build.0 = Release|Any CPU
		{96C12E05-AEA0-4BC7-A743-2F03EEC756D4}.Debug|Any CPU.ActiveCfg = Debug|Any CPU
		{96C12E05-AEA0-4BC7-A743-2F03EEC756D4}.Debug|Any CPU.Build.0 = Debug|Any CPU
		{96C12E05-AEA0-4BC7-A743-2F03EEC756D4}.Debug|x64.ActiveCfg = Debug|Any CPU
		{96C12E05-AEA0-4BC7-A743-2F03EEC756D4}.Debug|x64.Build.0 = Debug|Any CPU
		{96C12E05-AEA0-4BC7-A743-2F03EEC756D4}.Debug|x86.ActiveCfg = Debug|Any CPU
		{96C12E05-AEA0-4BC7-A743-2F03EEC756D4}.Debug|x86.Build.0 = Debug|Any CPU
		{96C12E05-AEA0-4BC7-A743-2F03EEC756D4}.Release|Any CPU.ActiveCfg = Release|Any CPU
		{96C12E05-AEA0-4BC7-A743-2F03EEC756D4}.Release|Any CPU.Build.0 = Release|Any CPU
		{96C12E05-AEA0-4BC7-A743-2F03EEC756D4}.Release|x64.ActiveCfg = Release|Any CPU
		{96C12E05-AEA0-4BC7-A743-2F03EEC756D4}.Release|x64.Build.0 = Release|Any CPU
		{96C12E05-AEA0-4BC7-A743-2F03EEC756D4}.Release|x86.ActiveCfg = Release|Any CPU
		{96C12E05-AEA0-4BC7-A743-2F03EEC756D4}.Release|x86.Build.0 = Release|Any CPU
		{A2DAE460-9796-4E9D-A957-67C84E66B760}.Debug|Any CPU.ActiveCfg = Debug|Any CPU
		{A2DAE460-9796-4E9D-A957-67C84E66B760}.Debug|Any CPU.Build.0 = Debug|Any CPU
		{A2DAE460-9796-4E9D-A957-67C84E66B760}.Debug|x64.ActiveCfg = Debug|Any CPU
		{A2DAE460-9796-4E9D-A957-67C84E66B760}.Debug|x64.Build.0 = Debug|Any CPU
		{A2DAE460-9796-4E9D-A957-67C84E66B760}.Debug|x86.ActiveCfg = Debug|Any CPU
		{A2DAE460-9796-4E9D-A957-67C84E66B760}.Debug|x86.Build.0 = Debug|Any CPU
		{A2DAE460-9796-4E9D-A957-67C84E66B760}.Release|Any CPU.ActiveCfg = Release|Any CPU
		{A2DAE460-9796-4E9D-A957-67C84E66B760}.Release|Any CPU.Build.0 = Release|Any CPU
		{A2DAE460-9796-4E9D-A957-67C84E66B760}.Release|x64.ActiveCfg = Release|Any CPU
		{A2DAE460-9796-4E9D-A957-67C84E66B760}.Release|x64.Build.0 = Release|Any CPU
		{A2DAE460-9796-4E9D-A957-67C84E66B760}.Release|x86.ActiveCfg = Release|Any CPU
		{A2DAE460-9796-4E9D-A957-67C84E66B760}.Release|x86.Build.0 = Release|Any CPU
		{A78EE729-12F3-4C12-9A58-E17668682628}.Debug|Any CPU.ActiveCfg = Debug|Any CPU
		{A78EE729-12F3-4C12-9A58-E17668682628}.Debug|Any CPU.Build.0 = Debug|Any CPU
		{A78EE729-12F3-4C12-9A58-E17668682628}.Debug|x64.ActiveCfg = Debug|Any CPU
		{A78EE729-12F3-4C12-9A58-E17668682628}.Debug|x64.Build.0 = Debug|Any CPU
		{A78EE729-12F3-4C12-9A58-E17668682628}.Debug|x86.ActiveCfg = Debug|Any CPU
		{A78EE729-12F3-4C12-9A58-E17668682628}.Debug|x86.Build.0 = Debug|Any CPU
		{A78EE729-12F3-4C12-9A58-E17668682628}.Release|Any CPU.ActiveCfg = Release|Any CPU
		{A78EE729-12F3-4C12-9A58-E17668682628}.Release|Any CPU.Build.0 = Release|Any CPU
		{A78EE729-12F3-4C12-9A58-E17668682628}.Release|x64.ActiveCfg = Release|Any CPU
		{A78EE729-12F3-4C12-9A58-E17668682628}.Release|x64.Build.0 = Release|Any CPU
		{A78EE729-12F3-4C12-9A58-E17668682628}.Release|x86.ActiveCfg = Release|Any CPU
		{A78EE729-12F3-4C12-9A58-E17668682628}.Release|x86.Build.0 = Release|Any CPU
		{BD899798-9044-436D-8A85-39B525602588}.Debug|Any CPU.ActiveCfg = Debug|Any CPU
		{BD899798-9044-436D-8A85-39B525602588}.Debug|Any CPU.Build.0 = Debug|Any CPU
		{BD899798-9044-436D-8A85-39B525602588}.Debug|x64.ActiveCfg = Debug|Any CPU
		{BD899798-9044-436D-8A85-39B525602588}.Debug|x64.Build.0 = Debug|Any CPU
		{BD899798-9044-436D-8A85-39B525602588}.Debug|x86.ActiveCfg = Debug|Any CPU
		{BD899798-9044-436D-8A85-39B525602588}.Debug|x86.Build.0 = Debug|Any CPU
		{BD899798-9044-436D-8A85-39B525602588}.Release|Any CPU.ActiveCfg = Release|Any CPU
		{BD899798-9044-436D-8A85-39B525602588}.Release|Any CPU.Build.0 = Release|Any CPU
		{BD899798-9044-436D-8A85-39B525602588}.Release|x64.ActiveCfg = Release|Any CPU
		{BD899798-9044-436D-8A85-39B525602588}.Release|x64.Build.0 = Release|Any CPU
		{BD899798-9044-436D-8A85-39B525602588}.Release|x86.ActiveCfg = Release|Any CPU
		{BD899798-9044-436D-8A85-39B525602588}.Release|x86.Build.0 = Release|Any CPU
		{B9C88443-01A7-4BC9-8827-E84F39D7AC0A}.Debug|Any CPU.ActiveCfg = Debug|Any CPU
		{B9C88443-01A7-4BC9-8827-E84F39D7AC0A}.Debug|Any CPU.Build.0 = Debug|Any CPU
		{B9C88443-01A7-4BC9-8827-E84F39D7AC0A}.Debug|x64.ActiveCfg = Debug|Any CPU
		{B9C88443-01A7-4BC9-8827-E84F39D7AC0A}.Debug|x64.Build.0 = Debug|Any CPU
		{B9C88443-01A7-4BC9-8827-E84F39D7AC0A}.Debug|x86.ActiveCfg = Debug|Any CPU
		{B9C88443-01A7-4BC9-8827-E84F39D7AC0A}.Debug|x86.Build.0 = Debug|Any CPU
		{B9C88443-01A7-4BC9-8827-E84F39D7AC0A}.Release|Any CPU.ActiveCfg = Release|Any CPU
		{B9C88443-01A7-4BC9-8827-E84F39D7AC0A}.Release|Any CPU.Build.0 = Release|Any CPU
		{B9C88443-01A7-4BC9-8827-E84F39D7AC0A}.Release|x64.ActiveCfg = Release|Any CPU
		{B9C88443-01A7-4BC9-8827-E84F39D7AC0A}.Release|x64.Build.0 = Release|Any CPU
		{B9C88443-01A7-4BC9-8827-E84F39D7AC0A}.Release|x86.ActiveCfg = Release|Any CPU
		{B9C88443-01A7-4BC9-8827-E84F39D7AC0A}.Release|x86.Build.0 = Release|Any CPU
		{8460DFA8-762F-484F-8664-9F0600E5A198}.Debug|Any CPU.ActiveCfg = Debug|Any CPU
		{8460DFA8-762F-484F-8664-9F0600E5A198}.Debug|Any CPU.Build.0 = Debug|Any CPU
		{8460DFA8-762F-484F-8664-9F0600E5A198}.Debug|x64.ActiveCfg = Debug|Any CPU
		{8460DFA8-762F-484F-8664-9F0600E5A198}.Debug|x64.Build.0 = Debug|Any CPU
		{8460DFA8-762F-484F-8664-9F0600E5A198}.Debug|x86.ActiveCfg = Debug|Any CPU
		{8460DFA8-762F-484F-8664-9F0600E5A198}.Debug|x86.Build.0 = Debug|Any CPU
		{8460DFA8-762F-484F-8664-9F0600E5A198}.Release|Any CPU.ActiveCfg = Release|Any CPU
		{8460DFA8-762F-484F-8664-9F0600E5A198}.Release|Any CPU.Build.0 = Release|Any CPU
		{8460DFA8-762F-484F-8664-9F0600E5A198}.Release|x64.ActiveCfg = Release|Any CPU
		{8460DFA8-762F-484F-8664-9F0600E5A198}.Release|x64.Build.0 = Release|Any CPU
		{8460DFA8-762F-484F-8664-9F0600E5A198}.Release|x86.ActiveCfg = Release|Any CPU
		{8460DFA8-762F-484F-8664-9F0600E5A198}.Release|x86.Build.0 = Release|Any CPU
		{3EC3C3D6-B564-4E77-8DA0-2EBBA2C97EDA}.Debug|Any CPU.ActiveCfg = Debug|Any CPU
		{3EC3C3D6-B564-4E77-8DA0-2EBBA2C97EDA}.Debug|Any CPU.Build.0 = Debug|Any CPU
		{3EC3C3D6-B564-4E77-8DA0-2EBBA2C97EDA}.Debug|x64.ActiveCfg = Debug|Any CPU
		{3EC3C3D6-B564-4E77-8DA0-2EBBA2C97EDA}.Debug|x64.Build.0 = Debug|Any CPU
		{3EC3C3D6-B564-4E77-8DA0-2EBBA2C97EDA}.Debug|x86.ActiveCfg = Debug|Any CPU
		{3EC3C3D6-B564-4E77-8DA0-2EBBA2C97EDA}.Debug|x86.Build.0 = Debug|Any CPU
		{3EC3C3D6-B564-4E77-8DA0-2EBBA2C97EDA}.Release|Any CPU.ActiveCfg = Release|Any CPU
		{3EC3C3D6-B564-4E77-8DA0-2EBBA2C97EDA}.Release|Any CPU.Build.0 = Release|Any CPU
		{3EC3C3D6-B564-4E77-8DA0-2EBBA2C97EDA}.Release|x64.ActiveCfg = Release|Any CPU
		{3EC3C3D6-B564-4E77-8DA0-2EBBA2C97EDA}.Release|x64.Build.0 = Release|Any CPU
		{3EC3C3D6-B564-4E77-8DA0-2EBBA2C97EDA}.Release|x86.ActiveCfg = Release|Any CPU
		{3EC3C3D6-B564-4E77-8DA0-2EBBA2C97EDA}.Release|x86.Build.0 = Release|Any CPU
		{E806D4AB-A524-409B-AC57-25271C50FCD6}.Debug|Any CPU.ActiveCfg = Debug|Any CPU
		{E806D4AB-A524-409B-AC57-25271C50FCD6}.Debug|Any CPU.Build.0 = Debug|Any CPU
		{E806D4AB-A524-409B-AC57-25271C50FCD6}.Debug|x64.ActiveCfg = Debug|Any CPU
		{E806D4AB-A524-409B-AC57-25271C50FCD6}.Debug|x64.Build.0 = Debug|Any CPU
		{E806D4AB-A524-409B-AC57-25271C50FCD6}.Debug|x86.ActiveCfg = Debug|Any CPU
		{E806D4AB-A524-409B-AC57-25271C50FCD6}.Debug|x86.Build.0 = Debug|Any CPU
		{E806D4AB-A524-409B-AC57-25271C50FCD6}.Release|Any CPU.ActiveCfg = Release|Any CPU
		{E806D4AB-A524-409B-AC57-25271C50FCD6}.Release|Any CPU.Build.0 = Release|Any CPU
		{E806D4AB-A524-409B-AC57-25271C50FCD6}.Release|x64.ActiveCfg = Release|Any CPU
		{E806D4AB-A524-409B-AC57-25271C50FCD6}.Release|x64.Build.0 = Release|Any CPU
		{E806D4AB-A524-409B-AC57-25271C50FCD6}.Release|x86.ActiveCfg = Release|Any CPU
		{E806D4AB-A524-409B-AC57-25271C50FCD6}.Release|x86.Build.0 = Release|Any CPU
		{9366C607-3527-426C-97BC-91D386810C1A}.Debug|Any CPU.ActiveCfg = Debug|Any CPU
		{9366C607-3527-426C-97BC-91D386810C1A}.Debug|Any CPU.Build.0 = Debug|Any CPU
		{9366C607-3527-426C-97BC-91D386810C1A}.Debug|x64.ActiveCfg = Debug|Any CPU
		{9366C607-3527-426C-97BC-91D386810C1A}.Debug|x64.Build.0 = Debug|Any CPU
		{9366C607-3527-426C-97BC-91D386810C1A}.Debug|x86.ActiveCfg = Debug|Any CPU
		{9366C607-3527-426C-97BC-91D386810C1A}.Debug|x86.Build.0 = Debug|Any CPU
		{9366C607-3527-426C-97BC-91D386810C1A}.Release|Any CPU.ActiveCfg = Release|Any CPU
		{9366C607-3527-426C-97BC-91D386810C1A}.Release|Any CPU.Build.0 = Release|Any CPU
		{9366C607-3527-426C-97BC-91D386810C1A}.Release|x64.ActiveCfg = Release|Any CPU
		{9366C607-3527-426C-97BC-91D386810C1A}.Release|x64.Build.0 = Release|Any CPU
		{9366C607-3527-426C-97BC-91D386810C1A}.Release|x86.ActiveCfg = Release|Any CPU
		{9366C607-3527-426C-97BC-91D386810C1A}.Release|x86.Build.0 = Release|Any CPU
		{B91E0364-FE19-4FBD-9600-E65F85334FBB}.Debug|Any CPU.ActiveCfg = Debug|Any CPU
		{B91E0364-FE19-4FBD-9600-E65F85334FBB}.Debug|Any CPU.Build.0 = Debug|Any CPU
		{B91E0364-FE19-4FBD-9600-E65F85334FBB}.Debug|x64.ActiveCfg = Debug|Any CPU
		{B91E0364-FE19-4FBD-9600-E65F85334FBB}.Debug|x64.Build.0 = Debug|Any CPU
		{B91E0364-FE19-4FBD-9600-E65F85334FBB}.Debug|x86.ActiveCfg = Debug|Any CPU
		{B91E0364-FE19-4FBD-9600-E65F85334FBB}.Debug|x86.Build.0 = Debug|Any CPU
		{B91E0364-FE19-4FBD-9600-E65F85334FBB}.Release|Any CPU.ActiveCfg = Release|Any CPU
		{B91E0364-FE19-4FBD-9600-E65F85334FBB}.Release|Any CPU.Build.0 = Release|Any CPU
		{B91E0364-FE19-4FBD-9600-E65F85334FBB}.Release|x64.ActiveCfg = Release|Any CPU
		{B91E0364-FE19-4FBD-9600-E65F85334FBB}.Release|x64.Build.0 = Release|Any CPU
		{B91E0364-FE19-4FBD-9600-E65F85334FBB}.Release|x86.ActiveCfg = Release|Any CPU
		{B91E0364-FE19-4FBD-9600-E65F85334FBB}.Release|x86.Build.0 = Release|Any CPU
		{184900C8-93CD-44B6-9003-D10DBB5B43B8}.Debug|Any CPU.ActiveCfg = Debug|Any CPU
		{184900C8-93CD-44B6-9003-D10DBB5B43B8}.Debug|Any CPU.Build.0 = Debug|Any CPU
		{184900C8-93CD-44B6-9003-D10DBB5B43B8}.Debug|x64.ActiveCfg = Debug|Any CPU
		{184900C8-93CD-44B6-9003-D10DBB5B43B8}.Debug|x64.Build.0 = Debug|Any CPU
		{184900C8-93CD-44B6-9003-D10DBB5B43B8}.Debug|x86.ActiveCfg = Debug|Any CPU
		{184900C8-93CD-44B6-9003-D10DBB5B43B8}.Debug|x86.Build.0 = Debug|Any CPU
		{184900C8-93CD-44B6-9003-D10DBB5B43B8}.Release|Any CPU.ActiveCfg = Release|Any CPU
		{184900C8-93CD-44B6-9003-D10DBB5B43B8}.Release|Any CPU.Build.0 = Release|Any CPU
		{184900C8-93CD-44B6-9003-D10DBB5B43B8}.Release|x64.ActiveCfg = Release|Any CPU
		{184900C8-93CD-44B6-9003-D10DBB5B43B8}.Release|x64.Build.0 = Release|Any CPU
		{184900C8-93CD-44B6-9003-D10DBB5B43B8}.Release|x86.ActiveCfg = Release|Any CPU
		{184900C8-93CD-44B6-9003-D10DBB5B43B8}.Release|x86.Build.0 = Release|Any CPU
		{911CB867-768B-4A61-A749-0F2E1F48D79D}.Debug|Any CPU.ActiveCfg = Debug|Any CPU
		{911CB867-768B-4A61-A749-0F2E1F48D79D}.Debug|Any CPU.Build.0 = Debug|Any CPU
		{911CB867-768B-4A61-A749-0F2E1F48D79D}.Debug|x64.ActiveCfg = Debug|Any CPU
		{911CB867-768B-4A61-A749-0F2E1F48D79D}.Debug|x64.Build.0 = Debug|Any CPU
		{911CB867-768B-4A61-A749-0F2E1F48D79D}.Debug|x86.ActiveCfg = Debug|Any CPU
		{911CB867-768B-4A61-A749-0F2E1F48D79D}.Debug|x86.Build.0 = Debug|Any CPU
		{911CB867-768B-4A61-A749-0F2E1F48D79D}.Release|Any CPU.ActiveCfg = Release|Any CPU
		{911CB867-768B-4A61-A749-0F2E1F48D79D}.Release|Any CPU.Build.0 = Release|Any CPU
		{911CB867-768B-4A61-A749-0F2E1F48D79D}.Release|x64.ActiveCfg = Release|Any CPU
		{911CB867-768B-4A61-A749-0F2E1F48D79D}.Release|x64.Build.0 = Release|Any CPU
		{911CB867-768B-4A61-A749-0F2E1F48D79D}.Release|x86.ActiveCfg = Release|Any CPU
		{911CB867-768B-4A61-A749-0F2E1F48D79D}.Release|x86.Build.0 = Release|Any CPU
		{56EE3E2C-E834-4340-BB7E-4623C8169E2F}.Debug|Any CPU.ActiveCfg = Debug|Any CPU
		{56EE3E2C-E834-4340-BB7E-4623C8169E2F}.Debug|Any CPU.Build.0 = Debug|Any CPU
		{56EE3E2C-E834-4340-BB7E-4623C8169E2F}.Debug|x64.ActiveCfg = Debug|Any CPU
		{56EE3E2C-E834-4340-BB7E-4623C8169E2F}.Debug|x64.Build.0 = Debug|Any CPU
		{56EE3E2C-E834-4340-BB7E-4623C8169E2F}.Debug|x86.ActiveCfg = Debug|Any CPU
		{56EE3E2C-E834-4340-BB7E-4623C8169E2F}.Debug|x86.Build.0 = Debug|Any CPU
		{56EE3E2C-E834-4340-BB7E-4623C8169E2F}.Release|Any CPU.ActiveCfg = Release|Any CPU
		{56EE3E2C-E834-4340-BB7E-4623C8169E2F}.Release|Any CPU.Build.0 = Release|Any CPU
		{56EE3E2C-E834-4340-BB7E-4623C8169E2F}.Release|x64.ActiveCfg = Release|Any CPU
		{56EE3E2C-E834-4340-BB7E-4623C8169E2F}.Release|x64.Build.0 = Release|Any CPU
		{56EE3E2C-E834-4340-BB7E-4623C8169E2F}.Release|x86.ActiveCfg = Release|Any CPU
		{56EE3E2C-E834-4340-BB7E-4623C8169E2F}.Release|x86.Build.0 = Release|Any CPU
		{E4FADC7B-0DC7-444C-9BA7-2399B7698887}.Debug|Any CPU.ActiveCfg = Debug|Any CPU
		{E4FADC7B-0DC7-444C-9BA7-2399B7698887}.Debug|Any CPU.Build.0 = Debug|Any CPU
		{E4FADC7B-0DC7-444C-9BA7-2399B7698887}.Debug|x64.ActiveCfg = Debug|Any CPU
		{E4FADC7B-0DC7-444C-9BA7-2399B7698887}.Debug|x64.Build.0 = Debug|Any CPU
		{E4FADC7B-0DC7-444C-9BA7-2399B7698887}.Debug|x86.ActiveCfg = Debug|Any CPU
		{E4FADC7B-0DC7-444C-9BA7-2399B7698887}.Debug|x86.Build.0 = Debug|Any CPU
		{E4FADC7B-0DC7-444C-9BA7-2399B7698887}.Release|Any CPU.ActiveCfg = Release|Any CPU
		{E4FADC7B-0DC7-444C-9BA7-2399B7698887}.Release|Any CPU.Build.0 = Release|Any CPU
		{E4FADC7B-0DC7-444C-9BA7-2399B7698887}.Release|x64.ActiveCfg = Release|Any CPU
		{E4FADC7B-0DC7-444C-9BA7-2399B7698887}.Release|x64.Build.0 = Release|Any CPU
		{E4FADC7B-0DC7-444C-9BA7-2399B7698887}.Release|x86.ActiveCfg = Release|Any CPU
		{E4FADC7B-0DC7-444C-9BA7-2399B7698887}.Release|x86.Build.0 = Release|Any CPU
		{39C12797-5AED-40F5-A56B-8F564660B212}.Debug|Any CPU.ActiveCfg = Debug|Any CPU
		{39C12797-5AED-40F5-A56B-8F564660B212}.Debug|Any CPU.Build.0 = Debug|Any CPU
		{39C12797-5AED-40F5-A56B-8F564660B212}.Debug|x64.ActiveCfg = Debug|Any CPU
		{39C12797-5AED-40F5-A56B-8F564660B212}.Debug|x64.Build.0 = Debug|Any CPU
		{39C12797-5AED-40F5-A56B-8F564660B212}.Debug|x86.ActiveCfg = Debug|Any CPU
		{39C12797-5AED-40F5-A56B-8F564660B212}.Debug|x86.Build.0 = Debug|Any CPU
		{39C12797-5AED-40F5-A56B-8F564660B212}.Release|Any CPU.ActiveCfg = Release|Any CPU
		{39C12797-5AED-40F5-A56B-8F564660B212}.Release|Any CPU.Build.0 = Release|Any CPU
		{39C12797-5AED-40F5-A56B-8F564660B212}.Release|x64.ActiveCfg = Release|Any CPU
		{39C12797-5AED-40F5-A56B-8F564660B212}.Release|x64.Build.0 = Release|Any CPU
		{39C12797-5AED-40F5-A56B-8F564660B212}.Release|x86.ActiveCfg = Release|Any CPU
		{39C12797-5AED-40F5-A56B-8F564660B212}.Release|x86.Build.0 = Release|Any CPU
		{F20D1F86-C11B-4C19-937A-6EA323CEEE76}.Debug|Any CPU.ActiveCfg = Debug|Any CPU
		{F20D1F86-C11B-4C19-937A-6EA323CEEE76}.Debug|Any CPU.Build.0 = Debug|Any CPU
		{F20D1F86-C11B-4C19-937A-6EA323CEEE76}.Debug|x64.ActiveCfg = Debug|Any CPU
		{F20D1F86-C11B-4C19-937A-6EA323CEEE76}.Debug|x64.Build.0 = Debug|Any CPU
		{F20D1F86-C11B-4C19-937A-6EA323CEEE76}.Debug|x86.ActiveCfg = Debug|Any CPU
		{F20D1F86-C11B-4C19-937A-6EA323CEEE76}.Debug|x86.Build.0 = Debug|Any CPU
		{F20D1F86-C11B-4C19-937A-6EA323CEEE76}.Release|Any CPU.ActiveCfg = Release|Any CPU
		{F20D1F86-C11B-4C19-937A-6EA323CEEE76}.Release|Any CPU.Build.0 = Release|Any CPU
		{F20D1F86-C11B-4C19-937A-6EA323CEEE76}.Release|x64.ActiveCfg = Release|Any CPU
		{F20D1F86-C11B-4C19-937A-6EA323CEEE76}.Release|x64.Build.0 = Release|Any CPU
		{F20D1F86-C11B-4C19-937A-6EA323CEEE76}.Release|x86.ActiveCfg = Release|Any CPU
		{F20D1F86-C11B-4C19-937A-6EA323CEEE76}.Release|x86.Build.0 = Release|Any CPU
		{363041E3-873A-4C1F-BFE9-6A3D8FC3F430}.Debug|Any CPU.ActiveCfg = Debug|Any CPU
		{363041E3-873A-4C1F-BFE9-6A3D8FC3F430}.Debug|Any CPU.Build.0 = Debug|Any CPU
		{363041E3-873A-4C1F-BFE9-6A3D8FC3F430}.Debug|x64.ActiveCfg = Debug|Any CPU
		{363041E3-873A-4C1F-BFE9-6A3D8FC3F430}.Debug|x64.Build.0 = Debug|Any CPU
		{363041E3-873A-4C1F-BFE9-6A3D8FC3F430}.Debug|x86.ActiveCfg = Debug|Any CPU
		{363041E3-873A-4C1F-BFE9-6A3D8FC3F430}.Debug|x86.Build.0 = Debug|Any CPU
		{363041E3-873A-4C1F-BFE9-6A3D8FC3F430}.Release|Any CPU.ActiveCfg = Release|Any CPU
		{363041E3-873A-4C1F-BFE9-6A3D8FC3F430}.Release|Any CPU.Build.0 = Release|Any CPU
		{363041E3-873A-4C1F-BFE9-6A3D8FC3F430}.Release|x64.ActiveCfg = Release|Any CPU
		{363041E3-873A-4C1F-BFE9-6A3D8FC3F430}.Release|x64.Build.0 = Release|Any CPU
		{363041E3-873A-4C1F-BFE9-6A3D8FC3F430}.Release|x86.ActiveCfg = Release|Any CPU
		{363041E3-873A-4C1F-BFE9-6A3D8FC3F430}.Release|x86.Build.0 = Release|Any CPU
		{BE5B5315-BC81-4816-A69F-EC95366720E7}.Debug|Any CPU.ActiveCfg = Debug|Any CPU
		{BE5B5315-BC81-4816-A69F-EC95366720E7}.Debug|Any CPU.Build.0 = Debug|Any CPU
		{BE5B5315-BC81-4816-A69F-EC95366720E7}.Debug|x64.ActiveCfg = Debug|Any CPU
		{BE5B5315-BC81-4816-A69F-EC95366720E7}.Debug|x64.Build.0 = Debug|Any CPU
		{BE5B5315-BC81-4816-A69F-EC95366720E7}.Debug|x86.ActiveCfg = Debug|Any CPU
		{BE5B5315-BC81-4816-A69F-EC95366720E7}.Debug|x86.Build.0 = Debug|Any CPU
		{BE5B5315-BC81-4816-A69F-EC95366720E7}.Release|Any CPU.ActiveCfg = Release|Any CPU
		{BE5B5315-BC81-4816-A69F-EC95366720E7}.Release|Any CPU.Build.0 = Release|Any CPU
		{BE5B5315-BC81-4816-A69F-EC95366720E7}.Release|x64.ActiveCfg = Release|Any CPU
		{BE5B5315-BC81-4816-A69F-EC95366720E7}.Release|x64.Build.0 = Release|Any CPU
		{BE5B5315-BC81-4816-A69F-EC95366720E7}.Release|x86.ActiveCfg = Release|Any CPU
		{BE5B5315-BC81-4816-A69F-EC95366720E7}.Release|x86.Build.0 = Release|Any CPU
		{DFB49AAE-7115-4920-96AF-5E87FFAF1650}.Debug|Any CPU.ActiveCfg = Debug|Any CPU
		{DFB49AAE-7115-4920-96AF-5E87FFAF1650}.Debug|Any CPU.Build.0 = Debug|Any CPU
		{DFB49AAE-7115-4920-96AF-5E87FFAF1650}.Debug|x64.ActiveCfg = Debug|Any CPU
		{DFB49AAE-7115-4920-96AF-5E87FFAF1650}.Debug|x64.Build.0 = Debug|Any CPU
		{DFB49AAE-7115-4920-96AF-5E87FFAF1650}.Debug|x86.ActiveCfg = Debug|Any CPU
		{DFB49AAE-7115-4920-96AF-5E87FFAF1650}.Debug|x86.Build.0 = Debug|Any CPU
		{DFB49AAE-7115-4920-96AF-5E87FFAF1650}.Release|Any CPU.ActiveCfg = Release|Any CPU
		{DFB49AAE-7115-4920-96AF-5E87FFAF1650}.Release|Any CPU.Build.0 = Release|Any CPU
		{DFB49AAE-7115-4920-96AF-5E87FFAF1650}.Release|x64.ActiveCfg = Release|Any CPU
		{DFB49AAE-7115-4920-96AF-5E87FFAF1650}.Release|x64.Build.0 = Release|Any CPU
		{DFB49AAE-7115-4920-96AF-5E87FFAF1650}.Release|x86.ActiveCfg = Release|Any CPU
		{DFB49AAE-7115-4920-96AF-5E87FFAF1650}.Release|x86.Build.0 = Release|Any CPU
		{9B3130FF-3FEB-4928-88F3-AC6356DD9BD2}.Debug|Any CPU.ActiveCfg = Debug|Any CPU
		{9B3130FF-3FEB-4928-88F3-AC6356DD9BD2}.Debug|Any CPU.Build.0 = Debug|Any CPU
		{9B3130FF-3FEB-4928-88F3-AC6356DD9BD2}.Debug|x64.ActiveCfg = Debug|Any CPU
		{9B3130FF-3FEB-4928-88F3-AC6356DD9BD2}.Debug|x64.Build.0 = Debug|Any CPU
		{9B3130FF-3FEB-4928-88F3-AC6356DD9BD2}.Debug|x86.ActiveCfg = Debug|Any CPU
		{9B3130FF-3FEB-4928-88F3-AC6356DD9BD2}.Debug|x86.Build.0 = Debug|Any CPU
		{9B3130FF-3FEB-4928-88F3-AC6356DD9BD2}.Release|Any CPU.ActiveCfg = Release|Any CPU
		{9B3130FF-3FEB-4928-88F3-AC6356DD9BD2}.Release|Any CPU.Build.0 = Release|Any CPU
		{9B3130FF-3FEB-4928-88F3-AC6356DD9BD2}.Release|x64.ActiveCfg = Release|Any CPU
		{9B3130FF-3FEB-4928-88F3-AC6356DD9BD2}.Release|x64.Build.0 = Release|Any CPU
		{9B3130FF-3FEB-4928-88F3-AC6356DD9BD2}.Release|x86.ActiveCfg = Release|Any CPU
		{9B3130FF-3FEB-4928-88F3-AC6356DD9BD2}.Release|x86.Build.0 = Release|Any CPU
		{7FBCE683-2799-461E-9CDF-E21990763C16}.Debug|Any CPU.ActiveCfg = Debug|Any CPU
		{7FBCE683-2799-461E-9CDF-E21990763C16}.Debug|Any CPU.Build.0 = Debug|Any CPU
		{7FBCE683-2799-461E-9CDF-E21990763C16}.Debug|x64.ActiveCfg = Debug|Any CPU
		{7FBCE683-2799-461E-9CDF-E21990763C16}.Debug|x64.Build.0 = Debug|Any CPU
		{7FBCE683-2799-461E-9CDF-E21990763C16}.Debug|x86.ActiveCfg = Debug|Any CPU
		{7FBCE683-2799-461E-9CDF-E21990763C16}.Debug|x86.Build.0 = Debug|Any CPU
		{7FBCE683-2799-461E-9CDF-E21990763C16}.Release|Any CPU.ActiveCfg = Release|Any CPU
		{7FBCE683-2799-461E-9CDF-E21990763C16}.Release|Any CPU.Build.0 = Release|Any CPU
		{7FBCE683-2799-461E-9CDF-E21990763C16}.Release|x64.ActiveCfg = Release|Any CPU
		{7FBCE683-2799-461E-9CDF-E21990763C16}.Release|x64.Build.0 = Release|Any CPU
		{7FBCE683-2799-461E-9CDF-E21990763C16}.Release|x86.ActiveCfg = Release|Any CPU
		{7FBCE683-2799-461E-9CDF-E21990763C16}.Release|x86.Build.0 = Release|Any CPU
		{A8294B49-E1A5-4F6A-B80D-665C0500EF12}.Debug|Any CPU.ActiveCfg = Debug|Any CPU
		{A8294B49-E1A5-4F6A-B80D-665C0500EF12}.Debug|Any CPU.Build.0 = Debug|Any CPU
		{A8294B49-E1A5-4F6A-B80D-665C0500EF12}.Debug|x64.ActiveCfg = Debug|Any CPU
		{A8294B49-E1A5-4F6A-B80D-665C0500EF12}.Debug|x64.Build.0 = Debug|Any CPU
		{A8294B49-E1A5-4F6A-B80D-665C0500EF12}.Debug|x86.ActiveCfg = Debug|Any CPU
		{A8294B49-E1A5-4F6A-B80D-665C0500EF12}.Debug|x86.Build.0 = Debug|Any CPU
		{A8294B49-E1A5-4F6A-B80D-665C0500EF12}.Release|Any CPU.ActiveCfg = Release|Any CPU
		{A8294B49-E1A5-4F6A-B80D-665C0500EF12}.Release|Any CPU.Build.0 = Release|Any CPU
		{A8294B49-E1A5-4F6A-B80D-665C0500EF12}.Release|x64.ActiveCfg = Release|Any CPU
		{A8294B49-E1A5-4F6A-B80D-665C0500EF12}.Release|x64.Build.0 = Release|Any CPU
		{A8294B49-E1A5-4F6A-B80D-665C0500EF12}.Release|x86.ActiveCfg = Release|Any CPU
		{A8294B49-E1A5-4F6A-B80D-665C0500EF12}.Release|x86.Build.0 = Release|Any CPU
		{B5EBBCF8-5E48-4F13-9555-E8EBDBEC289D}.Debug|Any CPU.ActiveCfg = Debug|Any CPU
		{B5EBBCF8-5E48-4F13-9555-E8EBDBEC289D}.Debug|Any CPU.Build.0 = Debug|Any CPU
		{B5EBBCF8-5E48-4F13-9555-E8EBDBEC289D}.Debug|x64.ActiveCfg = Debug|Any CPU
		{B5EBBCF8-5E48-4F13-9555-E8EBDBEC289D}.Debug|x64.Build.0 = Debug|Any CPU
		{B5EBBCF8-5E48-4F13-9555-E8EBDBEC289D}.Debug|x86.ActiveCfg = Debug|Any CPU
		{B5EBBCF8-5E48-4F13-9555-E8EBDBEC289D}.Debug|x86.Build.0 = Debug|Any CPU
		{B5EBBCF8-5E48-4F13-9555-E8EBDBEC289D}.Release|Any CPU.ActiveCfg = Release|Any CPU
		{B5EBBCF8-5E48-4F13-9555-E8EBDBEC289D}.Release|Any CPU.Build.0 = Release|Any CPU
		{B5EBBCF8-5E48-4F13-9555-E8EBDBEC289D}.Release|x64.ActiveCfg = Release|Any CPU
		{B5EBBCF8-5E48-4F13-9555-E8EBDBEC289D}.Release|x64.Build.0 = Release|Any CPU
		{B5EBBCF8-5E48-4F13-9555-E8EBDBEC289D}.Release|x86.ActiveCfg = Release|Any CPU
		{B5EBBCF8-5E48-4F13-9555-E8EBDBEC289D}.Release|x86.Build.0 = Release|Any CPU
	EndGlobalSection
	GlobalSection(SolutionProperties) = preSolution
		HideSolutionNode = FALSE
	EndGlobalSection
	GlobalSection(NestedProjects) = preSolution
		{C8E42992-5E42-0C2B-DBFE-AA848D06431C} = {827E0CD3-B72D-47B6-A68D-7590B98EB39B}
		{C82D4859-0C8B-4D28-9D64-E075501252BB} = {C8E42992-5E42-0C2B-DBFE-AA848D06431C}
		{820EBD80-6ED4-4900-9C58-8DAD25D3BF4D} = {C8E42992-5E42-0C2B-DBFE-AA848D06431C}
		{8F8FAC20-9377-4D2A-B399-33FD24445F3C} = {C8E42992-5E42-0C2B-DBFE-AA848D06431C}
		{54EDAF51-84E1-43F8-99BC-DECB3C4A3229} = {F2E35B3E-9711-EDEC-6202-DB40BDEED14A}
		{B905DE29-B93A-43B3-BA39-D9C9AEAD6EC0} = {F2E35B3E-9711-EDEC-6202-DB40BDEED14A}
		{CF272A05-9356-4DA0-973C-5225433D65A8} = {F2E35B3E-9711-EDEC-6202-DB40BDEED14A}
		{039C8BFB-F3D1-4487-B798-AA779FF540C4} = {F2E35B3E-9711-EDEC-6202-DB40BDEED14A}
		{3127F652-AC83-4BAC-9A36-EEDBAAB873FD} = {F2E35B3E-9711-EDEC-6202-DB40BDEED14A}
		{C4E6A616-F6DD-4D28-A2D5-678190650E35} = {F2E35B3E-9711-EDEC-6202-DB40BDEED14A}
		{144EF5C2-3622-4D94-AF2B-FAAFA84FC62B} = {F2E35B3E-9711-EDEC-6202-DB40BDEED14A}
		{096B6098-F141-7114-B090-72D1899D8853} = {827E0CD3-B72D-47B6-A68D-7590B98EB39B}
		{72E9E5BE-6A50-4F8B-861C-35FF1D6AA8E1} = {096B6098-F141-7114-B090-72D1899D8853}
		{6A8BFC84-B8CC-4D88-82AF-A550872CF3E7} = {096B6098-F141-7114-B090-72D1899D8853}
		{6FECA2CB-9CCF-4976-B548-A31FBEC53E07} = {096B6098-F141-7114-B090-72D1899D8853}
		{E6BD1389-3D70-438B-AC9C-2750AEAF4200} = {096B6098-F141-7114-B090-72D1899D8853}
		{CA97CE6D-40A9-4025-A321-F74D91C0B880} = {096B6098-F141-7114-B090-72D1899D8853}
		{8D6D6B7F-4341-4CA4-AAD8-0CB958CC952D} = {096B6098-F141-7114-B090-72D1899D8853}
		{E6B48023-E680-40DA-9E17-319585C26937} = {827E0CD3-B72D-47B6-A68D-7590B98EB39B}
		{AB5BD158-B975-402A-BCCD-EC2406844332} = {E6B48023-E680-40DA-9E17-319585C26937}
		{F50032BD-9162-4A3A-A3A9-B5BE64BB8E4E} = {E6B48023-E680-40DA-9E17-319585C26937}
		{AC7A47B2-8B73-42A5-B6D0-88B923923835} = {E6B48023-E680-40DA-9E17-319585C26937}
		{96C12E05-AEA0-4BC7-A743-2F03EEC756D4} = {E6B48023-E680-40DA-9E17-319585C26937}
		{A2DAE460-9796-4E9D-A957-67C84E66B760} = {E6B48023-E680-40DA-9E17-319585C26937}
		{89BA21D6-604E-9DA1-5F6C-9062FD58212E} = {827E0CD3-B72D-47B6-A68D-7590B98EB39B}
		{A78EE729-12F3-4C12-9A58-E17668682628} = {89BA21D6-604E-9DA1-5F6C-9062FD58212E}
		{BD899798-9044-436D-8A85-39B525602588} = {89BA21D6-604E-9DA1-5F6C-9062FD58212E}
		{B9C88443-01A7-4BC9-8827-E84F39D7AC0A} = {89BA21D6-604E-9DA1-5F6C-9062FD58212E}
		{8460DFA8-762F-484F-8664-9F0600E5A198} = {89BA21D6-604E-9DA1-5F6C-9062FD58212E}
		{3EC3C3D6-B564-4E77-8DA0-2EBBA2C97EDA} = {89BA21D6-604E-9DA1-5F6C-9062FD58212E}
		{9787BF88-EEEB-1624-8357-14EC64727FE2} = {827E0CD3-B72D-47B6-A68D-7590B98EB39B}
		{E806D4AB-A524-409B-AC57-25271C50FCD6} = {9787BF88-EEEB-1624-8357-14EC64727FE2}
		{9366C607-3527-426C-97BC-91D386810C1A} = {9787BF88-EEEB-1624-8357-14EC64727FE2}
		{B91E0364-FE19-4FBD-9600-E65F85334FBB} = {9787BF88-EEEB-1624-8357-14EC64727FE2}
		{184900C8-93CD-44B6-9003-D10DBB5B43B8} = {9787BF88-EEEB-1624-8357-14EC64727FE2}
		{911CB867-768B-4A61-A749-0F2E1F48D79D} = {9787BF88-EEEB-1624-8357-14EC64727FE2}
		{56EE3E2C-E834-4340-BB7E-4623C8169E2F} = {1860D2E4-5C43-71D5-59A5-599A4DE1DF67}
		{E4FADC7B-0DC7-444C-9BA7-2399B7698887} = {1860D2E4-5C43-71D5-59A5-599A4DE1DF67}
		{39C12797-5AED-40F5-A56B-8F564660B212} = {1860D2E4-5C43-71D5-59A5-599A4DE1DF67}
		{F20D1F86-C11B-4C19-937A-6EA323CEEE76} = {1860D2E4-5C43-71D5-59A5-599A4DE1DF67}
		{363041E3-873A-4C1F-BFE9-6A3D8FC3F430} = {1860D2E4-5C43-71D5-59A5-599A4DE1DF67}
		{BE5B5315-BC81-4816-A69F-EC95366720E7} = {0AB3BF05-4346-4AA6-1389-037BE0695223}
		{DFB49AAE-7115-4920-96AF-5E87FFAF1650} = {0AB3BF05-4346-4AA6-1389-037BE0695223}
		{9B3130FF-3FEB-4928-88F3-AC6356DD9BD2} = {0AB3BF05-4346-4AA6-1389-037BE0695223}
		{7FBCE683-2799-461E-9CDF-E21990763C16} = {0AB3BF05-4346-4AA6-1389-037BE0695223}
		{A8294B49-E1A5-4F6A-B80D-665C0500EF12} = {0AB3BF05-4346-4AA6-1389-037BE0695223}
		{B5EBBCF8-5E48-4F13-9555-E8EBDBEC289D} = {F2E35B3E-9711-EDEC-6202-DB40BDEED14A}
	EndGlobalSection
EndGlobal
